
Microsoft Visual Studio Solution File, Format Version 12.00
# Visual Studio 14
VisualStudioVersion = 14.0.23107.0
MinimumVisualStudioVersion = 10.0.40219.1
Project("{FAE04EC0-301F-11D3-BF4B-00C04F79EFBC}") = "HackerNewsBrowser", "HackerNewsBrowser\HackerNewsBrowser.csproj", "{CAFC5ACA-0927-4A90-A67B-E701FF9D1704}"
EndProject
Project("{FAE04EC0-301F-11D3-BF4B-00C04F79EFBC}") = "Application.Parts", "Application.Parts\Application.Parts.csproj", "{B7C04657-1900-49E4-83A3-8695F978287C}"
EndProject
Project("{FAE04EC0-301F-11D3-BF4B-00C04F79EFBC}") = "Application.Parts.Contracts", "Application.Parts.Contracts\Application.Parts.Contracts.csproj", "{2BAFBEF8-DBDA-4E1D-92A6-4A2F6A9D8891}"
EndProject
Project("{FAE04EC0-301F-11D3-BF4B-00C04F79EFBC}") = "ProcessLogger", "ProcessLogger\ProcessLogger.csproj", "{FA150F0D-7788-4F86-9A7A-510A6EDD8225}"
EndProject
Project("{FAE04EC0-301F-11D3-BF4B-00C04F79EFBC}") = "ActiveWindowLogger", "ActiveWindowLogger\ActiveWindowLogger.csproj", "{468CDE81-C608-4F83-A66D-7BB5A1F059BB}"
EndProject
Project("{FAE04EC0-301F-11D3-BF4B-00C04F79EFBC}") = "Utilities", "Utilities\Utilities.csproj", "{47C9835C-5D53-4FFF-B081-DFD59F34EB39}"
EndProject
Project("{FAE04EC0-301F-11D3-BF4B-00C04F79EFBC}") = "EventsAggregator", "EventsAggregator\EventsAggregator.csproj", "{AD8D759B-B2D3-4389-8224-CB1B70176596}"
EndProject
Project("{FAE04EC0-301F-11D3-BF4B-00C04F79EFBC}") = "EventsAggregator.Engines", "EventsAggregator.Engines\EventsAggregator.Engines.csproj", "{9CCF9487-E305-4EA8-81B6-16B5B054324A}"
EndProject
Project("{FAE04EC0-301F-11D3-BF4B-00C04F79EFBC}") = "EventsAggregator.Parts", "EventsAggregator.Parts\EventsAggregator.Parts.csproj", "{4439EC6F-1144-4803-9C8D-24E944FC20EA}"
EndProject
Project("{FAE04EC0-301F-11D3-BF4B-00C04F79EFBC}") = "EventsAggregator.Providers", "EventsAggregator.Providers\EventsAggregator.Providers.csproj", "{1B3C86DD-D47D-4E64-84B6-1D8789AF357A}"
EndProject
Project("{FAE04EC0-301F-11D3-BF4B-00C04F79EFBC}") = "EventsAggregator.CodeContracts", "EventsAggregator.CodeContracts\EventsAggregator.CodeContracts.csproj", "{72035EB5-5829-4C61-9F1A-A68BFB0B09CE}"
EndProject
Project("{FAE04EC0-301F-11D3-BF4B-00C04F79EFBC}") = "EventsAggregator.CodeObjects", "EventsAggregator.CodeObjects\EventsAggregator.CodeObjects.csproj", "{F6966FE7-2158-4797-845B-6C315FD2185B}"
EndProject
Project("{FAE04EC0-301F-11D3-BF4B-00C04F79EFBC}") = "EventsAggregator.DataContracts", "EventsAggregator.DataContracts\EventsAggregator.DataContracts.csproj", "{58F99567-1EDF-41EC-A36E-44EFBB107F6B}"
EndProject
Project("{FAE04EC0-301F-11D3-BF4B-00C04F79EFBC}") = "EventsAggregator.DataObjects", "EventsAggregator.DataObjects\EventsAggregator.DataObjects.csproj", "{A4D27BBE-9E39-4C3D-B450-E44B4CFC82E5}"
EndProject
Project("{FAE04EC0-301F-11D3-BF4B-00C04F79EFBC}") = "EventsAggregator.StructuralObjects", "EventsAggregator.StructuralObjects\EventsAggregator.StructuralObjects.csproj", "{63E8AEE8-B6F5-49E8-A5D3-A954E0D3A3FC}"
EndProject
Project("{FAE04EC0-301F-11D3-BF4B-00C04F79EFBC}") = "HTMLAgilityPackWrapper", "HTMLAgilityPackWrapper\HTMLAgilityPackWrapper.csproj", "{E79767E2-2CD6-4DE7-8E1A-5DE280582F0F}"
EndProject
Global
	GlobalSection(SolutionConfigurationPlatforms) = preSolution
		Debug|Any CPU = Debug|Any CPU
		Release|Any CPU = Release|Any CPU
	EndGlobalSection
	GlobalSection(ProjectConfigurationPlatforms) = postSolution
		{CAFC5ACA-0927-4A90-A67B-E701FF9D1704}.Debug|Any CPU.ActiveCfg = Debug|Any CPU
		{CAFC5ACA-0927-4A90-A67B-E701FF9D1704}.Debug|Any CPU.Build.0 = Debug|Any CPU
		{CAFC5ACA-0927-4A90-A67B-E701FF9D1704}.Release|Any CPU.ActiveCfg = Release|Any CPU
		{CAFC5ACA-0927-4A90-A67B-E701FF9D1704}.Release|Any CPU.Build.0 = Release|Any CPU
		{B7C04657-1900-49E4-83A3-8695F978287C}.Debug|Any CPU.ActiveCfg = Debug|Any CPU
		{B7C04657-1900-49E4-83A3-8695F978287C}.Debug|Any CPU.Build.0 = Debug|Any CPU
		{B7C04657-1900-49E4-83A3-8695F978287C}.Release|Any CPU.ActiveCfg = Release|Any CPU
		{B7C04657-1900-49E4-83A3-8695F978287C}.Release|Any CPU.Build.0 = Release|Any CPU
		{2BAFBEF8-DBDA-4E1D-92A6-4A2F6A9D8891}.Debug|Any CPU.ActiveCfg = Debug|Any CPU
		{2BAFBEF8-DBDA-4E1D-92A6-4A2F6A9D8891}.Debug|Any CPU.Build.0 = Debug|Any CPU
		{2BAFBEF8-DBDA-4E1D-92A6-4A2F6A9D8891}.Release|Any CPU.ActiveCfg = Release|Any CPU
		{2BAFBEF8-DBDA-4E1D-92A6-4A2F6A9D8891}.Release|Any CPU.Build.0 = Release|Any CPU
		{FA150F0D-7788-4F86-9A7A-510A6EDD8225}.Debug|Any CPU.ActiveCfg = Debug|Any CPU
		{FA150F0D-7788-4F86-9A7A-510A6EDD8225}.Debug|Any CPU.Build.0 = Debug|Any CPU
		{FA150F0D-7788-4F86-9A7A-510A6EDD8225}.Release|Any CPU.ActiveCfg = Release|Any CPU
		{FA150F0D-7788-4F86-9A7A-510A6EDD8225}.Release|Any CPU.Build.0 = Release|Any CPU
		{468CDE81-C608-4F83-A66D-7BB5A1F059BB}.Debug|Any CPU.ActiveCfg = Debug|Any CPU
		{468CDE81-C608-4F83-A66D-7BB5A1F059BB}.Debug|Any CPU.Build.0 = Debug|Any CPU
		{468CDE81-C608-4F83-A66D-7BB5A1F059BB}.Release|Any CPU.ActiveCfg = Release|Any CPU
		{468CDE81-C608-4F83-A66D-7BB5A1F059BB}.Release|Any CPU.Build.0 = Release|Any CPU
		{47C9835C-5D53-4FFF-B081-DFD59F34EB39}.Debug|Any CPU.ActiveCfg = Debug|Any CPU
		{47C9835C-5D53-4FFF-B081-DFD59F34EB39}.Debug|Any CPU.Build.0 = Debug|Any CPU
		{47C9835C-5D53-4FFF-B081-DFD59F34EB39}.Release|Any CPU.ActiveCfg = Release|Any CPU
		{47C9835C-5D53-4FFF-B081-DFD59F34EB39}.Release|Any CPU.Build.0 = Release|Any CPU
		{AD8D759B-B2D3-4389-8224-CB1B70176596}.Debug|Any CPU.ActiveCfg = Debug|Any CPU
		{AD8D759B-B2D3-4389-8224-CB1B70176596}.Debug|Any CPU.Build.0 = Debug|Any CPU
		{AD8D759B-B2D3-4389-8224-CB1B70176596}.Release|Any CPU.ActiveCfg = Release|Any CPU
		{AD8D759B-B2D3-4389-8224-CB1B70176596}.Release|Any CPU.Build.0 = Release|Any CPU
		{9CCF9487-E305-4EA8-81B6-16B5B054324A}.Debug|Any CPU.ActiveCfg = Debug|Any CPU
		{9CCF9487-E305-4EA8-81B6-16B5B054324A}.Debug|Any CPU.Build.0 = Debug|Any CPU
		{9CCF9487-E305-4EA8-81B6-16B5B054324A}.Release|Any CPU.ActiveCfg = Release|Any CPU
		{9CCF9487-E305-4EA8-81B6-16B5B054324A}.Release|Any CPU.Build.0 = Release|Any CPU
		{4439EC6F-1144-4803-9C8D-24E944FC20EA}.Debug|Any CPU.ActiveCfg = Debug|Any CPU
		{4439EC6F-1144-4803-9C8D-24E944FC20EA}.Debug|Any CPU.Build.0 = Debug|Any CPU
		{4439EC6F-1144-4803-9C8D-24E944FC20EA}.Release|Any CPU.ActiveCfg = Release|Any CPU
		{4439EC6F-1144-4803-9C8D-24E944FC20EA}.Release|Any CPU.Build.0 = Release|Any CPU
		{1B3C86DD-D47D-4E64-84B6-1D8789AF357A}.Debug|Any CPU.ActiveCfg = Debug|Any CPU
		{1B3C86DD-D47D-4E64-84B6-1D8789AF357A}.Debug|Any CPU.Build.0 = Debug|Any CPU
		{1B3C86DD-D47D-4E64-84B6-1D8789AF357A}.Release|Any CPU.ActiveCfg = Release|Any CPU
		{1B3C86DD-D47D-4E64-84B6-1D8789AF357A}.Release|Any CPU.Build.0 = Release|Any CPU
		{72035EB5-5829-4C61-9F1A-A68BFB0B09CE}.Debug|Any CPU.ActiveCfg = Debug|Any CPU
		{72035EB5-5829-4C61-9F1A-A68BFB0B09CE}.Debug|Any CPU.Build.0 = Debug|Any CPU
		{72035EB5-5829-4C61-9F1A-A68BFB0B09CE}.Release|Any CPU.ActiveCfg = Release|Any CPU
		{72035EB5-5829-4C61-9F1A-A68BFB0B09CE}.Release|Any CPU.Build.0 = Release|Any CPU
		{F6966FE7-2158-4797-845B-6C315FD2185B}.Debug|Any CPU.ActiveCfg = Debug|Any CPU
		{F6966FE7-2158-4797-845B-6C315FD2185B}.Debug|Any CPU.Build.0 = Debug|Any CPU
		{F6966FE7-2158-4797-845B-6C315FD2185B}.Release|Any CPU.ActiveCfg = Release|Any CPU
		{F6966FE7-2158-4797-845B-6C315FD2185B}.Release|Any CPU.Build.0 = Release|Any CPU
		{58F99567-1EDF-41EC-A36E-44EFBB107F6B}.Debug|Any CPU.ActiveCfg = Debug|Any CPU
		{58F99567-1EDF-41EC-A36E-44EFBB107F6B}.Debug|Any CPU.Build.0 = Debug|Any CPU
		{58F99567-1EDF-41EC-A36E-44EFBB107F6B}.Release|Any CPU.ActiveCfg = Release|Any CPU
		{58F99567-1EDF-41EC-A36E-44EFBB107F6B}.Release|Any CPU.Build.0 = Release|Any CPU
		{A4D27BBE-9E39-4C3D-B450-E44B4CFC82E5}.Debug|Any CPU.ActiveCfg = Debug|Any CPU
		{A4D27BBE-9E39-4C3D-B450-E44B4CFC82E5}.Debug|Any CPU.Build.0 = Debug|Any CPU
		{A4D27BBE-9E39-4C3D-B450-E44B4CFC82E5}.Release|Any CPU.ActiveCfg = Release|Any CPU
		{A4D27BBE-9E39-4C3D-B450-E44B4CFC82E5}.Release|Any CPU.Build.0 = Release|Any CPU
		{63E8AEE8-B6F5-49E8-A5D3-A954E0D3A3FC}.Debug|Any CPU.ActiveCfg = Debug|Any CPU
		{63E8AEE8-B6F5-49E8-A5D3-A954E0D3A3FC}.Debug|Any CPU.Build.0 = Debug|Any CPU
		{63E8AEE8-B6F5-49E8-A5D3-A954E0D3A3FC}.Release|Any CPU.ActiveCfg = Release|Any CPU
		{63E8AEE8-B6F5-49E8-A5D3-A954E0D3A3FC}.Release|Any CPU.Build.0 = Release|Any CPU
		{E79767E2-2CD6-4DE7-8E1A-5DE280582F0F}.Debug|Any CPU.ActiveCfg = Debug|Any CPU
		{E79767E2-2CD6-4DE7-8E1A-5DE280582F0F}.Debug|Any CPU.Build.0 = Debug|Any CPU
		{E79767E2-2CD6-4DE7-8E1A-5DE280582F0F}.Release|Any CPU.ActiveCfg = Release|Any CPU
		{E79767E2-2CD6-4DE7-8E1A-5DE280582F0F}.Release|Any CPU.Build.0 = Release|Any CPU
	EndGlobalSection
	GlobalSection(SolutionProperties) = preSolution
		HideSolutionNode = FALSE
	EndGlobalSection
EndGlobal
